# THIS IS AN AUTOGENERATED FILE. DO NOT EDIT THIS FILE DIRECTLY.
# yarn lockfile v1


"@angular/core@^4.0.0":
  version "4.1.0"
  resolved "https://registry.yarnpkg.com/@angular/core/-/core-4.1.0.tgz#72ec173316879571880c9c483ed6dfc0caab94b0"

"@types/node@~6.0.60":
  version "6.0.71"
  resolved "https://registry.yarnpkg.com/@types/node/-/node-6.0.71.tgz#aa49e0109e35f1457867b45822caf7f4883ca248"

balanced-match@^0.4.1:
  version "0.4.2"
  resolved "https://registry.yarnpkg.com/balanced-match/-/balanced-match-0.4.2.tgz#cb3f3e3c732dc0f01ee70b403f302e61d7709838"

brace-expansion@^1.0.0:
  version "1.1.7"
  resolved "https://registry.yarnpkg.com/brace-expansion/-/brace-expansion-1.1.7.tgz#3effc3c50e000531fb720eaff80f0ae8ef23cf59"
  dependencies:
    balanced-match "^0.4.1"
    concat-map "0.0.1"

concat-map@0.0.1:
  version "0.0.1"
  resolved "https://registry.yarnpkg.com/concat-map/-/concat-map-0.0.1.tgz#d8a96bd77fd68df7793a73036a3ba0d5405d477b"

es6-shim@^0.35.3:
  version "0.35.3"
  resolved "https://registry.yarnpkg.com/es6-shim/-/es6-shim-0.35.3.tgz#9bfb7363feffff87a6cdb6cd93e405ec3c4b6f26"

foreachasync@^3.0.0:
  version "3.0.0"
  resolved "https://registry.yarnpkg.com/foreachasync/-/foreachasync-3.0.0.tgz#5502987dc8714be3392097f32e0071c9dee07cf6"

locutus@^2.0.5:
  version "2.0.8"
  resolved "https://registry.yarnpkg.com/locutus/-/locutus-2.0.8.tgz#557d669e39999dea03d1b0ac1d9e9bab8e81e4f7"

minimatch@3.0.x:
  version "3.0.3"
  resolved "https://registry.yarnpkg.com/minimatch/-/minimatch-3.0.3.tgz#2a4e4090b96b2db06a9d7df01055a62a77c9b774"
  dependencies:
    brace-expansion "^1.0.0"

reflect-metadata@0.1.2:
  version "0.1.2"
  resolved "https://registry.yarnpkg.com/reflect-metadata/-/reflect-metadata-0.1.2.tgz#ea23e5823dc830f292822bd3da9b89fd57bffb03"

rxjs@^5.1.0:
  version "5.3.0"
  resolved "https://registry.yarnpkg.com/rxjs/-/rxjs-5.3.0.tgz#d88ccbdd46af290cbdb97d5d8055e52453fabe2d"
  dependencies:
    symbol-observable "^1.0.1"

symbol-observable@^1.0.1:
  version "1.0.4"
  resolved "https://registry.yarnpkg.com/symbol-observable/-/symbol-observable-1.0.4.tgz#29bf615d4aa7121bdd898b22d4b3f9bc4e2aa03d"

twig@^1.10.4:
  version "1.10.4"
  resolved "https://registry.yarnpkg.com/twig/-/twig-1.10.4.tgz#2ebad1e7e38c02b9cc772934822da1163d4ad4a1"
  dependencies:
    locutus "^2.0.5"
    minimatch "3.0.x"
    walk "2.3.x"

typescript@~2.2.0:
  version "2.2.2"
  resolved "https://registry.yarnpkg.com/typescript/-/typescript-2.2.2.tgz#606022508479b55ffa368b58fee963a03dfd7b0c"

walk@2.3.x:
  version "2.3.9"
  resolved "https://registry.yarnpkg.com/walk/-/walk-2.3.9.tgz#31b4db6678f2ae01c39ea9fb8725a9031e558a7b"
  dependencies:
    foreachasync "^3.0.0"

zone.js@^0.8.4:
  version "0.8.9"
  resolved "https://registry.yarnpkg.com/zone.js/-/zone.js-0.8.9.tgz#34aaa9a3ec6d0e4acebd1b761adafa590473638b"
